// !$*UTF8*$!
{
	archiveVersion = 1;
	classes = {
	};
	objectVersion = 56;
	objects = {

/* Begin PBXBuildFile section */
		8E29312E2AE82ECB001B6E4A /* AppDelegate.swift in Sources */ = {isa = PBXBuildFile; fileRef = 8E29312D2AE82ECB001B6E4A /* AppDelegate.swift */; };
		8E2931302AE82ECB001B6E4A /* SceneDelegate.swift in Sources */ = {isa = PBXBuildFile; fileRef = 8E29312F2AE82ECB001B6E4A /* SceneDelegate.swift */; };
		8E2931322AE82ECB001B6E4A /* ViewController.swift in Sources */ = {isa = PBXBuildFile; fileRef = 8E2931312AE82ECB001B6E4A /* ViewController.swift */; };
		8E2931352AE82ECB001B6E4A /* Main.storyboard in Resources */ = {isa = PBXBuildFile; fileRef = 8E2931332AE82ECB001B6E4A /* Main.storyboard */; };
		8E2931372AE82ECB001B6E4A /* Assets.xcassets in Resources */ = {isa = PBXBuildFile; fileRef = 8E2931362AE82ECB001B6E4A /* Assets.xcassets */; };
		8E29313A2AE82ECB001B6E4A /* LaunchScreen.storyboard in Resources */ = {isa = PBXBuildFile; fileRef = 8E2931382AE82ECB001B6E4A /* LaunchScreen.storyboard */; };
		8E2931452AE82ECC001B6E4A /* CounterTests.swift in Sources */ = {isa = PBXBuildFile; fileRef = 8E2931442AE82ECC001B6E4A /* CounterTests.swift */; };
		8E29314F2AE82ECC001B6E4A /* CounterUITests.swift in Sources */ = {isa = PBXBuildFile; fileRef = 8E29314E2AE82ECC001B6E4A /* CounterUITests.swift */; };
		8E2931512AE82ECC001B6E4A /* CounterUITestsLaunchTests.swift in Sources */ = {isa = PBXBuildFile; fileRef = 8E2931502AE82ECC001B6E4A /* CounterUITestsLaunchTests.swift */; };
/* End PBXBuildFile section */

/* Begin PBXContainerItemProxy section */
		8E2931412AE82ECC001B6E4A /* PBXContainerItemProxy */ = {
			isa = PBXContainerItemProxy;
			containerPortal = 8E2931222AE82ECB001B6E4A /* Project object */;
			proxyType = 1;
			remoteGlobalIDString = 8E2931292AE82ECB001B6E4A;
			remoteInfo = Counter;
		};
		8E29314B2AE82ECC001B6E4A /* PBXContainerItemProxy */ = {
			isa = PBXContainerItemProxy;
			containerPortal = 8E2931222AE82ECB001B6E4A /* Project object */;
			proxyType = 1;
			remoteGlobalIDString = 8E2931292AE82ECB001B6E4A;
			remoteInfo = Counter;
		};
/* End PBXContainerItemProxy section */

/* Begin PBXFileReference section */
		8E29312A2AE82ECB001B6E4A /* Counter.app */ = {isa = PBXFileReference; explicitFileType = wrapper.application; includeInIndex = 0; path = Counter.app; sourceTree = BUILT_PRODUCTS_DIR; };
		8E29312D2AE82ECB001B6E4A /* AppDelegate.swift */ = {isa = PBXFileReference; lastKnownFileType = sourcecode.swift; path = AppDelegate.swift; sourceTree = "<group>"; };
		8E29312F2AE82ECB001B6E4A /* SceneDelegate.swift */ = {isa = PBXFileReference; lastKnownFileType = sourcecode.swift; path = SceneDelegate.swift; sourceTree = "<group>"; };
		8E2931312AE82ECB001B6E4A /* ViewController.swift */ = {isa = PBXFileReference; lastKnownFileType = sourcecode.swift; path = ViewController.swift; sourceTree = "<group>"; };
		8E2931342AE82ECB001B6E4A /* Base */ = {isa = PBXFileReference; lastKnownFileType = file.storyboard; name = Base; path = Base.lproj/Main.storyboard; sourceTree = "<group>"; };
		8E2931362AE82ECB001B6E4A /* Assets.xcassets */ = {isa = PBXFileReference; lastKnownFileType = folder.assetcatalog; path = Assets.xcassets; sourceTree = "<group>"; };
		8E2931392AE82ECB001B6E4A /* Base */ = {isa = PBXFileReference; lastKnownFileType = file.storyboard; name = Base; path = Base.lproj/LaunchScreen.storyboard; sourceTree = "<group>"; };
		8E29313B2AE82ECB001B6E4A /* Info.plist */ = {isa = PBXFileReference; lastKnownFileType = text.plist.xml; path = Info.plist; sourceTree = "<group>"; };
		8E2931402AE82ECC001B6E4A /* CounterTests.xctest */ = {isa = PBXFileReference; explicitFileType = wrapper.cfbundle; includeInIndex = 0; path = CounterTests.xctest; sourceTree = BUILT_PRODUCTS_DIR; };
		8E2931442AE82ECC001B6E4A /* CounterTests.swift */ = {isa = PBXFileReference; lastKnownFileType = sourcecode.swift; path = CounterTests.swift; sourceTree = "<group>"; };
		8E29314A2AE82ECC001B6E4A /* CounterUITests.xctest */ = {isa = PBXFileReference; explicitFileType = wrapper.cfbundle; includeInIndex = 0; path = CounterUITests.xctest; sourceTree = BUILT_PRODUCTS_DIR; };
		8E29314E2AE82ECC001B6E4A /* CounterUITests.swift */ = {isa = PBXFileReference; lastKnownFileType = sourcecode.swift; path = CounterUITests.swift; sourceTree = "<group>"; };
		8E2931502AE82ECC001B6E4A /* CounterUITestsLaunchTests.swift */ = {isa = PBXFileReference; lastKnownFileType = sourcecode.swift; path = CounterUITestsLaunchTests.swift; sourceTree = "<group>"; };
/* End PBXFileReference section */

/* Begin PBXFrameworksBuildPhase section */
		8E2931272AE82ECB001B6E4A /* Frameworks */ = {
			isa = PBXFrameworksBuildPhase;
			buildActionMask = 2147483647;
			files = (
			);
			runOnlyForDeploymentPostprocessing = 0;
		};
		8E29313D2AE82ECC001B6E4A /* Frameworks */ = {
			isa = PBXFrameworksBuildPhase;
			buildActionMask = 2147483647;
			files = (
			);
			runOnlyForDeploymentPostprocessing = 0;
		};
		8E2931472AE82ECC001B6E4A /* Frameworks */ = {
			isa = PBXFrameworksBuildPhase;
			buildActionMask = 2147483647;
			files = (
			);
			runOnlyForDeploymentPostprocessing = 0;
		};
/* End PBXFrameworksBuildPhase section */

/* Begin PBXGroup section */
		8E2931212AE82ECB001B6E4A = {
			isa = PBXGroup;
			children = (
				8E29312C2AE82ECB001B6E4A /* Counter */,
				8E2931432AE82ECC001B6E4A /* CounterTests */,
				8E29314D2AE82ECC001B6E4A /* CounterUITests */,
				8E29312B2AE82ECB001B6E4A /* Products */,
			);
			sourceTree = "<group>";
		};
		8E29312B2AE82ECB001B6E4A /* Products */ = {
			isa = PBXGroup;
			children = (
				8E29312A2AE82ECB001B6E4A /* Counter.app */,
				8E2931402AE82ECC001B6E4A /* CounterTests.xctest */,
				8E29314A2AE82ECC001B6E4A /* CounterUITests.xctest */,
			);
			name = Products;
			sourceTree = "<group>";
		};
		8E29312C2AE82ECB001B6E4A /* Counter */ = {
			isa = PBXGroup;
			children = (
				8E29312D2AE82ECB001B6E4A /* AppDelegate.swift */,
				8E29312F2AE82ECB001B6E4A /* SceneDelegate.swift */,
				8E2931312AE82ECB001B6E4A /* ViewController.swift */,
				8E2931332AE82ECB001B6E4A /* Main.storyboard */,
				8E2931362AE82ECB001B6E4A /* Assets.xcassets */,
				8E2931382AE82ECB001B6E4A /* LaunchScreen.storyboard */,
				8E29313B2AE82ECB001B6E4A /* Info.plist */,
			);
			path = Counter;
			sourceTree = "<group>";
		};
		8E2931432AE82ECC001B6E4A /* CounterTests */ = {
			isa = PBXGroup;
			children = (
				8E2931442AE82ECC001B6E4A /* CounterTests.swift */,
			);
			path = CounterTests;
			sourceTree = "<group>";
		};
		8E29314D2AE82ECC001B6E4A /* CounterUITests */ = {
			isa = PBXGroup;
			children = (
				8E29314E2AE82ECC001B6E4A /* CounterUITests.swift */,
				8E2931502AE82ECC001B6E4A /* CounterUITestsLaunchTests.swift */,
			);
			path = CounterUITests;
			sourceTree = "<group>";
		};
/* End PBXGroup section */

/* Begin PBXNativeTarget section */
		8E2931292AE82ECB001B6E4A /* Counter */ = {
			isa = PBXNativeTarget;
			buildConfigurationList = 8E2931542AE82ECC001B6E4A /* Build configuration list for PBXNativeTarget "Counter" */;
			buildPhases = (
				8E2931262AE82ECB001B6E4A /* Sources */,
				8E2931272AE82ECB001B6E4A /* Frameworks */,
				8E2931282AE82ECB001B6E4A /* Resources */,
			);
			buildRules = (
			);
			dependencies = (
			);
			name = Counter;
			productName = Counter;
			productReference = 8E29312A2AE82ECB001B6E4A /* Counter.app */;
			productType = "com.apple.product-type.application";
		};
		8E29313F2AE82ECC001B6E4A /* CounterTests */ = {
			isa = PBXNativeTarget;
			buildConfigurationList = 8E2931572AE82ECC001B6E4A /* Build configuration list for PBXNativeTarget "CounterTests" */;
			buildPhases = (
				8E29313C2AE82ECC001B6E4A /* Sources */,
				8E29313D2AE82ECC001B6E4A /* Frameworks */,
				8E29313E2AE82ECC001B6E4A /* Resources */,
			);
			buildRules = (
			);
			dependencies = (
				8E2931422AE82ECC001B6E4A /* PBXTargetDependency */,
			);
			name = CounterTests;
			productName = CounterTests;
			productReference = 8E2931402AE82ECC001B6E4A /* CounterTests.xctest */;
			productType = "com.apple.product-type.bundle.unit-test";
		};
		8E2931492AE82ECC001B6E4A /* CounterUITests */ = {
			isa = PBXNativeTarget;
			buildConfigurationList = 8E29315A2AE82ECC001B6E4A /* Build configuration list for PBXNativeTarget "CounterUITests" */;
			buildPhases = (
				8E2931462AE82ECC001B6E4A /* Sources */,
				8E2931472AE82ECC001B6E4A /* Frameworks */,
				8E2931482AE82ECC001B6E4A /* Resources */,
			);
			buildRules = (
			);
			dependencies = (
				8E29314C2AE82ECC001B6E4A /* PBXTargetDependency */,
			);
			name = CounterUITests;
			productName = CounterUITests;
			productReference = 8E29314A2AE82ECC001B6E4A /* CounterUITests.xctest */;
			productType = "com.apple.product-type.bundle.ui-testing";
		};
/* End PBXNativeTarget section */

/* Begin PBXProject section */
		8E2931222AE82ECB001B6E4A /* Project object */ = {
			isa = PBXProject;
			attributes = {
				BuildIndependentTargetsInParallel = 1;
				LastSwiftUpdateCheck = 1430;
				LastUpgradeCheck = 1430;
				TargetAttributes = {
					8E2931292AE82ECB001B6E4A = {
						CreatedOnToolsVersion = 14.3.1;
					};
					8E29313F2AE82ECC001B6E4A = {
						CreatedOnToolsVersion = 14.3.1;
						TestTargetID = 8E2931292AE82ECB001B6E4A;
					};
					8E2931492AE82ECC001B6E4A = {
						CreatedOnToolsVersion = 14.3.1;
						TestTargetID = 8E2931292AE82ECB001B6E4A;
					};
				};
			};
			buildConfigurationList = 8E2931252AE82ECB001B6E4A /* Build configuration list for PBXProject "Counter" */;
			compatibilityVersion = "Xcode 14.0";
			developmentRegion = en;
			hasScannedForEncodings = 0;
			knownRegions = (
				en,
				Base,
			);
			mainGroup = 8E2931212AE82ECB001B6E4A;
			productRefGroup = 8E29312B2AE82ECB001B6E4A /* Products */;
			projectDirPath = "";
			projectRoot = "";
			targets = (
				8E2931292AE82ECB001B6E4A /* Counter */,
				8E29313F2AE82ECC001B6E4A /* CounterTests */,
				8E2931492AE82ECC001B6E4A /* CounterUITests */,
			);
		};
/* End PBXProject section */

/* Begin PBXResourcesBuildPhase section */
		8E2931282AE82ECB001B6E4A /* Resources */ = {
			isa = PBXResourcesBuildPhase;
			buildActionMask = 2147483647;
			files = (
				8E29313A2AE82ECB001B6E4A /* LaunchScreen.storyboard in Resources */,
				8E2931372AE82ECB001B6E4A /* Assets.xcassets in Resources */,
				8E2931352AE82ECB001B6E4A /* Main.storyboard in Resources */,
			);
			runOnlyForDeploymentPostprocessing = 0;
		};
		8E29313E2AE82ECC001B6E4A /* Resources */ = {
			isa = PBXResourcesBuildPhase;
			buildActionMask = 2147483647;
			files = (
			);
			runOnlyForDeploymentPostprocessing = 0;
		};
		8E2931482AE82ECC001B6E4A /* Resources */ = {
			isa = PBXResourcesBuildPhase;
			buildActionMask = 2147483647;
			files = (
			);
			runOnlyForDeploymentPostprocessing = 0;
		};
/* End PBXResourcesBuildPhase section */

/* Begin PBXSourcesBuildPhase section */
		8E2931262AE82ECB001B6E4A /* Sources */ = {
			isa = PBXSourcesBuildPhase;
			buildActionMask = 2147483647;
			files = (
				8E2931322AE82ECB001B6E4A /* ViewController.swift in Sources */,
				8E29312E2AE82ECB001B6E4A /* AppDelegate.swift in Sources */,
				8E2931302AE82ECB001B6E4A /* SceneDelegate.swift in Sources */,
			);
			runOnlyForDeploymentPostprocessing = 0;
		};
		8E29313C2AE82ECC001B6E4A /* Sources */ = {
			isa = PBXSourcesBuildPhase;
			buildActionMask = 2147483647;
			files = (
				8E2931452AE82ECC001B6E4A /* CounterTests.swift in Sources */,
			);
			runOnlyForDeploymentPostprocessing = 0;
		};
		8E2931462AE82ECC001B6E4A /* Sources */ = {
			isa = PBXSourcesBuildPhase;
			buildActionMask = 2147483647;
			files = (
				8E29314F2AE82ECC001B6E4A /* CounterUITests.swift in Sources */,
				8E2931512AE82ECC001B6E4A /* CounterUITestsLaunchTests.swift in Sources */,
			);
			runOnlyForDeploymentPostprocessing = 0;
		};
/* End PBXSourcesBuildPhase section */

/* Begin PBXTargetDependency section */
		8E2931422AE82ECC001B6E4A /* PBXTargetDependency */ = {
			isa = PBXTargetDependency;
			target = 8E2931292AE82ECB001B6E4A /* Counter */;
			targetProxy = 8E2931412AE82ECC001B6E4A /* PBXContainerItemProxy */;
		};
		8E29314C2AE82ECC001B6E4A /* PBXTargetDependency */ = {
			isa = PBXTargetDependency;
			target = 8E2931292AE82ECB001B6E4A /* Counter */;
			targetProxy = 8E29314B2AE82ECC001B6E4A /* PBXContainerItemProxy */;
		};
/* End PBXTargetDependency section */

/* Begin PBXVariantGroup section */
		8E2931332AE82ECB001B6E4A /* Main.storyboard */ = {
			isa = PBXVariantGroup;
			children = (
				8E2931342AE82ECB001B6E4A /* Base */,
			);
			name = Main.storyboard;
			sourceTree = "<group>";
		};
		8E2931382AE82ECB001B6E4A /* LaunchScreen.storyboard */ = {
			isa = PBXVariantGroup;
			children = (
				8E2931392AE82ECB001B6E4A /* Base */,
			);
			name = LaunchScreen.storyboard;
			sourceTree = "<group>";
		};
/* End PBXVariantGroup section */

/* Begin XCBuildConfiguration section */
		8E2931522AE82ECC001B6E4A /* Debug */ = {
			isa = XCBuildConfiguration;
			buildSettings = {
				ALWAYS_SEARCH_USER_PATHS = NO;
				CLANG_ANALYZER_NONNULL = YES;
				CLANG_ANALYZER_NUMBER_OBJECT_CONVERSION = YES_AGGRESSIVE;
				CLANG_CXX_LANGUAGE_STANDARD = "gnu++20";
				CLANG_ENABLE_MODULES = YES;
				CLANG_ENABLE_OBJC_ARC = YES;
				CLANG_ENABLE_OBJC_WEAK = YES;
				CLANG_WARN_BLOCK_CAPTURE_AUTORELEASING = YES;
				CLANG_WARN_BOOL_CONVERSION = YES;
				CLANG_WARN_COMMA = YES;
				CLANG_WARN_CONSTANT_CONVERSION = YES;
				CLANG_WARN_DEPRECATED_OBJC_IMPLEMENTATIONS = YES;
				CLANG_WARN_DIRECT_OBJC_ISA_USAGE = YES_ERROR;
				CLANG_WARN_DOCUMENTATION_COMMENTS = YES;
				CLANG_WARN_EMPTY_BODY = YES;
				CLANG_WARN_ENUM_CONVERSION = YES;
				CLANG_WARN_INFINITE_RECURSION = YES;
				CLANG_WARN_INT_CONVERSION = YES;
				CLANG_WARN_NON_LITERAL_NULL_CONVERSION = YES;
				CLANG_WARN_OBJC_IMPLICIT_RETAIN_SELF = YES;
				CLANG_WARN_OBJC_LITERAL_CONVERSION = YES;
				CLANG_WARN_OBJC_ROOT_CLASS = YES_ERROR;
				CLANG_WARN_QUOTED_INCLUDE_IN_FRAMEWORK_HEADER = YES;
				CLANG_WARN_RANGE_LOOP_ANALYSIS = YES;
				CLANG_WARN_STRICT_PROTOTYPES = YES;
				CLANG_WARN_SUSPICIOUS_MOVE = YES;
				CLANG_WARN_UNGUARDED_AVAILABILITY = YES_AGGRESSIVE;
				CLANG_WARN_UNREACHABLE_CODE = YES;
				CLANG_WARN__DUPLICATE_METHOD_MATCH = YES;
				COPY_PHASE_STRIP = NO;
				DEBUG_INFORMATION_FORMAT = dwarf;
				ENABLE_STRICT_OBJC_MSGSEND = YES;
				ENABLE_TESTABILITY = YES;
				GCC_C_LANGUAGE_STANDARD = gnu11;
				GCC_DYNAMIC_NO_PIC = NO;
				GCC_NO_COMMON_BLOCKS = YES;
				GCC_OPTIMIZATION_LEVEL = 0;
				GCC_PREPROCESSOR_DEFINITIONS = (
					"DEBUG=1",
					"$(inherited)",
				);
				GCC_WARN_64_TO_32_BIT_CONVERSION = YES;
				GCC_WARN_ABOUT_RETURN_TYPE = YES_ERROR;
				GCC_WARN_UNDECLARED_SELECTOR = YES;
				GCC_WARN_UNINITIALIZED_AUTOS = YES_AGGRESSIVE;
				GCC_WARN_UNUSED_FUNCTION = YES;
				GCC_WARN_UNUSED_VARIABLE = YES;
				IPHONEOS_DEPLOYMENT_TARGET = 16.4;
				MTL_ENABLE_DEBUG_INFO = INCLUDE_SOURCE;
				MTL_FAST_MATH = YES;
				ONLY_ACTIVE_ARCH = YES;
				SDKROOT = iphoneos;
				SWIFT_ACTIVE_COMPILATION_CONDITIONS = DEBUG;
				SWIFT_OPTIMIZATION_LEVEL = "-Onone";
			};
			name = Debug;
		};
		8E2931532AE82ECC001B6E4A /* Release */ = {
			isa = XCBuildConfiguration;
			buildSettings = {
				ALWAYS_SEARCH_USER_PATHS = NO;
				CLANG_ANALYZER_NONNULL = YES;
				CLANG_ANALYZER_NUMBER_OBJECT_CONVERSION = YES_AGGRESSIVE;
				CLANG_CXX_LANGUAGE_STANDARD = "gnu++20";
				CLANG_ENABLE_MODULES = YES;
				CLANG_ENABLE_OBJC_ARC = YES;
				CLANG_ENABLE_OBJC_WEAK = YES;
				CLANG_WARN_BLOCK_CAPTURE_AUTORELEASING = YES;
				CLANG_WARN_BOOL_CONVERSION = YES;
				CLANG_WARN_COMMA = YES;
				CLANG_WARN_CONSTANT_CONVERSION = YES;
				CLANG_WARN_DEPRECATED_OBJC_IMPLEMENTATIONS = YES;
				CLANG_WARN_DIRECT_OBJC_ISA_USAGE = YES_ERROR;
				CLANG_WARN_DOCUMENTATION_COMMENTS = YES;
				CLANG_WARN_EMPTY_BODY = YES;
				CLANG_WARN_ENUM_CONVERSION = YES;
				CLANG_WARN_INFINITE_RECURSION = YES;
				CLANG_WARN_INT_CONVERSION = YES;
				CLANG_WARN_NON_LITERAL_NULL_CONVERSION = YES;
				CLANG_WARN_OBJC_IMPLICIT_RETAIN_SELF = YES;
				CLANG_WARN_OBJC_LITERAL_CONVERSION = YES;
				CLANG_WARN_OBJC_ROOT_CLASS = YES_ERROR;
				CLANG_WARN_QUOTED_INCLUDE_IN_FRAMEWORK_HEADER = YES;
				CLANG_WARN_RANGE_LOOP_ANALYSIS = YES;
				CLANG_WARN_STRICT_PROTOTYPES = YES;
				CLANG_WARN_SUSPICIOUS_MOVE = YES;
				CLANG_WARN_UNGUARDED_AVAILABILITY = YES_AGGRESSIVE;
				CLANG_WARN_UNREACHABLE_CODE = YES;
				CLANG_WARN__DUPLICATE_METHOD_MATCH = YES;
				COPY_PHASE_STRIP = NO;
				DEBUG_INFORMATION_FORMAT = "dwarf-with-dsym";
				ENABLE_NS_ASSERTIONS = NO;
				ENABLE_STRICT_OBJC_MSGSEND = YES;
				GCC_C_LANGUAGE_STANDARD = gnu11;
				GCC_NO_COMMON_BLOCKS = YES;
				GCC_WARN_64_TO_32_BIT_CONVERSION = YES;
				GCC_WARN_ABOUT_RETURN_TYPE = YES_ERROR;
				GCC_WARN_UNDECLARED_SELECTOR = YES;
				GCC_WARN_UNINITIALIZED_AUTOS = YES_AGGRESSIVE;
				GCC_WARN_UNUSED_FUNCTION = YES;
				GCC_WARN_UNUSED_VARIABLE = YES;
				IPHONEOS_DEPLOYMENT_TARGET = 16.4;
				MTL_ENABLE_DEBUG_INFO = NO;
				MTL_FAST_MATH = YES;
				SDKROOT = iphoneos;
				SWIFT_COMPILATION_MODE = wholemodule;
				SWIFT_OPTIMIZATION_LEVEL = "-O";
				VALIDATE_PRODUCT = YES;
			};
			name = Release;
		};
		8E2931552AE82ECC001B6E4A /* Debug */ = {
			isa = XCBuildConfiguration;
			buildSettings = {
				ASSETCATALOG_COMPILER_APPICON_NAME = AppIcon;
				ASSETCATALOG_COMPILER_GLOBAL_ACCENT_COLOR_NAME = AccentColor;
				CODE_SIGN_STYLE = Automatic;
				CURRENT_PROJECT_VERSION = 1;
				DEVELOPMENT_TEAM = 5AZ59LLP74;
				GENERATE_INFOPLIST_FILE = YES;
				INFOPLIST_FILE = Counter/Info.plist;
				INFOPLIST_KEY_UIApplicationSupportsIndirectInputEvents = YES;
				INFOPLIST_KEY_UILaunchStoryboardName = LaunchScreen;
				INFOPLIST_KEY_UIMainStoryboardFile = Main;
				INFOPLIST_KEY_UISupportedInterfaceOrientations_iPad = "UIInterfaceOrientationPortrait UIInterfaceOrientationPortraitUpsideDown UIInterfaceOrientationLandscapeLeft UIInterfaceOrientationLandscapeRight";
				INFOPLIST_KEY_UISupportedInterfaceOrientations_iPhone = "UIInterfaceOrientationPortrait UIInterfaceOrientationLandscapeLeft UIInterfaceOrientationLandscapeRight";
				LD_RUNPATH_SEARCH_PATHS = (
					"$(inherited)",
					"@executable_path/Frameworks",
				);
				MARKETING_VERSION = 1.0;
				PRODUCT_BUNDLE_IDENTIFIER = test.Counter;
				PRODUCT_NAME = "$(TARGET_NAME)";
				SWIFT_EMIT_LOC_STRINGS = YES;
				SWIFT_VERSION = 5.0;
				TARGETED_DEVICE_FAMILY = "1,2";
			};
			name = Debug;
		};
		8E2931562AE82ECC001B6E4A /* Release */ = {
			isa = XCBuildConfiguration;
			buildSettings = {
				ASSETCATALOG_COMPILER_APPICON_NAME = AppIcon;
				ASSETCATALOG_COMPILER_GLOBAL_ACCENT_COLOR_NAME = AccentColor;
				CODE_SIGN_STYLE = Automatic;
				CURRENT_PROJECT_VERSION = 1;
				DEVELOPMENT_TEAM = 5AZ59LLP74;
				GENERATE_INFOPLIST_FILE = YES;
				INFOPLIST_FILE = Counter/Info.plist;
				INFOPLIST_KEY_UIApplicationSupportsIndirectInputEvents = YES;
				INFOPLIST_KEY_UILaunchStoryboardName = LaunchScreen;
				INFOPLIST_KEY_UIMainStoryboardFile = Main;
				INFOPLIST_KEY_UISupportedInterfaceOrientations_iPad = "UIInterfaceOrientationPortrait UIInterfaceOrientationPortraitUpsideDown UIInterfaceOrientationLandscapeLeft UIInterfaceOrientationLandscapeRight";
				INFOPLIST_KEY_UISupportedInterfaceOrientations_iPhone = "UIInterfaceOrientationPortrait UIInterfaceOrientationLandscapeLeft UIInterfaceOrientationLandscapeRight";
				LD_RUNPATH_SEARCH_PATHS = (
					"$(inherited)",
					"@executable_path/Frameworks",
				);
				MARKETING_VERSION = 1.0;
				PRODUCT_BUNDLE_IDENTIFIER = test.Counter;
				PRODUCT_NAME = "$(TARGET_NAME)";
				SWIFT_EMIT_LOC_STRINGS = YES;
				SWIFT_VERSION = 5.0;
				TARGETED_DEVICE_FAMILY = "1,2";
			};
			name = Release;
		};
		8E2931582AE82ECC001B6E4A /* Debug */ = {
			isa = XCBuildConfiguration;
			buildSettings = {
				ALWAYS_EMBED_SWIFT_STANDARD_LIBRARIES = YES;
				BUNDLE_LOADER = "$(TEST_HOST)";
				CODE_SIGN_STYLE = Automatic;
				CURRENT_PROJECT_VERSION = 1;
				DEVELOPMENT_TEAM = 5AZ59LLP74;
				GENERATE_INFOPLIST_FILE = YES;
				IPHONEOS_DEPLOYMENT_TARGET = 16.4;
				MARKETING_VERSION = 1.0;
				PRODUCT_BUNDLE_IDENTIFIER = test.CounterTests;
				PRODUCT_NAME = "$(TARGET_NAME)";
				SWIFT_EMIT_LOC_STRINGS = NO;
				SWIFT_VERSION = 5.0;
				TARGETED_DEVICE_FAMILY = "1,2";
				TEST_HOST = "$(BUILT_PRODUCTS_DIR)/Counter.app/$(BUNDLE_EXECUTABLE_FOLDER_PATH)/Counter";
			};
			name = Debug;
		};
		8E2931592AE82ECC001B6E4A /* Release */ = {
			isa = XCBuildConfiguration;
			buildSettings = {
				ALWAYS_EMBED_SWIFT_STANDARD_LIBRARIES = YES;
				BUNDLE_LOADER = "$(TEST_HOST)";
				CODE_SIGN_STYLE = Automatic;
				CURRENT_PROJECT_VERSION = 1;
				DEVELOPMENT_TEAM = 5AZ59LLP74;
				GENERATE_INFOPLIST_FILE = YES;
				IPHONEOS_DEPLOYMENT_TARGET = 16.4;
				MARKETING_VERSION = 1.0;
				PRODUCT_BUNDLE_IDENTIFIER = test.CounterTests;
				PRODUCT_NAME = "$(TARGET_NAME)";
				SWIFT_EMIT_LOC_STRINGS = NO;
				SWIFT_VERSION = 5.0;
				TARGETED_DEVICE_FAMILY = "1,2";
				TEST_HOST = "$(BUILT_PRODUCTS_DIR)/Counter.app/$(BUNDLE_EXECUTABLE_FOLDER_PATH)/Counter";
			};
			name = Release;
		};
		8E29315B2AE82ECC001B6E4A /* Debug */ = {
			isa = XCBuildConfiguration;
			buildSettings = {
				ALWAYS_EMBED_SWIFT_STANDARD_LIBRARIES = YES;
				CODE_SIGN_STYLE = Automatic;
				CURRENT_PROJECT_VERSION = 1;
				DEVELOPMENT_TEAM = 5AZ59LLP74;
				GENERATE_INFOPLIST_FILE = YES;
				MARKETING_VERSION = 1.0;
				PRODUCT_BUNDLE_IDENTIFIER = test.CounterUITests;
				PRODUCT_NAME = "$(TARGET_NAME)";
				SWIFT_EMIT_LOC_STRINGS = NO;
				SWIFT_VERSION = 5.0;
				TARGETED_DEVICE_FAMILY = "1,2";
				TEST_TARGET_NAME = Counter;
			};
			name = Debug;
		};
		8E29315C2AE82ECC001B6E4A /* Release */ = {
			isa = XCBuildConfiguration;
			buildSettings = {
				ALWAYS_EMBED_SWIFT_STANDARD_LIBRARIES = YES;
				CODE_SIGN_STYLE = Automatic;
				CURRENT_PROJECT_VERSION = 1;
				DEVELOPMENT_TEAM = 5AZ59LLP74;
				GENERATE_INFOPLIST_FILE = YES;
				MARKETING_VERSION = 1.0;
				PRODUCT_BUNDLE_IDENTIFIER = test.CounterUITests;
				PRODUCT_NAME = "$(TARGET_NAME)";
				SWIFT_EMIT_LOC_STRINGS = NO;
				SWIFT_VERSION = 5.0;
				TARGETED_DEVICE_FAMILY = "1,2";
				TEST_TARGET_NAME = Counter;
			};
			name = Release;
		};
/* End XCBuildConfiguration section */

/* Begin XCConfigurationList section */
		8E2931252AE82ECB001B6E4A /* Build configuration list for PBXProject "Counter" */ = {
			isa = XCConfigurationList;
			buildConfigurations = (
				8E2931522AE82ECC001B6E4A /* Debug */,
				8E2931532AE82ECC001B6E4A /* Release */,
			);
			defaultConfigurationIsVisible = 0;
			defaultConfigurationName = Release;
		};
		8E2931542AE82ECC001B6E4A /* Build configuration list for PBXNativeTarget "Counter" */ = {
			isa = XCConfigurationList;
			buildConfigurations = (
				8E2931552AE82ECC001B6E4A /* Debug */,
				8E2931562AE82ECC001B6E4A /* Release */,
			);
			defaultConfigurationIsVisible = 0;
			defaultConfigurationName = Release;
		};
		8E2931572AE82ECC001B6E4A /* Build configuration list for PBXNativeTarget "CounterTests" */ = {
			isa = XCConfigurationList;
			buildConfigurations = (
				8E2931582AE82ECC001B6E4A /* Debug */,
				8E2931592AE82ECC001B6E4A /* Release */,
			);
			defaultConfigurationIsVisible = 0;
			defaultConfigurationName = Release;
		};
		8E29315A2AE82ECC001B6E4A /* Build configuration list for PBXNativeTarget "CounterUITests" */ = {
			isa = XCConfigurationList;
			buildConfigurations = (
				8E29315B2AE82ECC001B6E4A /* Debug */,
				8E29315C2AE82ECC001B6E4A /* Release */,
			);
			defaultConfigurationIsVisible = 0;
			defaultConfigurationName = Release;
		};
/* End XCConfigurationList section */
	};
	rootObject = 8E2931222AE82ECB001B6E4A /* Project object */;
}
